
Microsoft Visual Studio Solution File, Format Version 12.00
# Visual Studio Version 16
VisualStudioVersion = 16.0.32106.194
MinimumVisualStudioVersion = 10.0.40219.1
Project("{FAE04EC0-301F-11D3-BF4B-00C04F79EFBC}") = "SoftwareInstallationView", "SoftwareInstallationView\SoftwareInstallationView.csproj", "{9364A401-E6DB-47B8-A64B-FBEF24DFE89A}"
EndProject
Project("{FAE04EC0-301F-11D3-BF4B-00C04F79EFBC}") = "SoftwareInstallationContracts", "SoftwareInstallationContracts\SoftwareInstallationContracts.csproj", "{2E382443-3A91-4E1F-A03A-F581B4F68621}"
EndProject
Project("{FAE04EC0-301F-11D3-BF4B-00C04F79EFBC}") = "SoftwareInstallationBusinessLogic", "SoftwareInstallationBusinessLogic\SoftwareInstallationBusinessLogic.csproj", "{6033764E-8C7F-40D8-AD45-2A0C17E94B7B}"
EndProject
Project("{FAE04EC0-301F-11D3-BF4B-00C04F79EFBC}") = "SoftwareInstallationListImplement", "SoftwareInstallationListImplement\SoftwareInstallationListImplement.csproj", "{36988590-C582-4CAB-B882-C338682A9E7E}"
EndProject
Global
	GlobalSection(SolutionConfigurationPlatforms) = preSolution
		Debug|Any CPU = Debug|Any CPU
		Release|Any CPU = Release|Any CPU
	EndGlobalSection
	GlobalSection(ProjectConfigurationPlatforms) = postSolution
		{9364A401-E6DB-47B8-A64B-FBEF24DFE89A}.Debug|Any CPU.ActiveCfg = Debug|Any CPU
		{9364A401-E6DB-47B8-A64B-FBEF24DFE89A}.Debug|Any CPU.Build.0 = Debug|Any CPU
		{9364A401-E6DB-47B8-A64B-FBEF24DFE89A}.Release|Any CPU.ActiveCfg = Release|Any CPU
		{9364A401-E6DB-47B8-A64B-FBEF24DFE89A}.Release|Any CPU.Build.0 = Release|Any CPU
		{2E382443-3A91-4E1F-A03A-F581B4F68621}.Debug|Any CPU.ActiveCfg = Debug|Any CPU
		{2E382443-3A91-4E1F-A03A-F581B4F68621}.Debug|Any CPU.Build.0 = Debug|Any CPU
		{2E382443-3A91-4E1F-A03A-F581B4F68621}.Release|Any CPU.ActiveCfg = Release|Any CPU
		{2E382443-3A91-4E1F-A03A-F581B4F68621}.Release|Any CPU.Build.0 = Release|Any CPU
		{6033764E-8C7F-40D8-AD45-2A0C17E94B7B}.Debug|Any CPU.ActiveCfg = Debug|Any CPU
		{6033764E-8C7F-40D8-AD45-2A0C17E94B7B}.Debug|Any CPU.Build.0 = Debug|Any CPU
		{6033764E-8C7F-40D8-AD45-2A0C17E94B7B}.Release|Any CPU.ActiveCfg = Release|Any CPU
		{6033764E-8C7F-40D8-AD45-2A0C17E94B7B}.Release|Any CPU.Build.0 = Release|Any CPU
		{36988590-C582-4CAB-B882-C338682A9E7E}.Debug|Any CPU.ActiveCfg = Debug|Any CPU
		{36988590-C582-4CAB-B882-C338682A9E7E}.Debug|Any CPU.Build.0 = Debug|Any CPU
		{36988590-C582-4CAB-B882-C338682A9E7E}.Release|Any CPU.ActiveCfg = Release|Any CPU
		{36988590-C582-4CAB-B882-C338682A9E7E}.Release|Any CPU.Build.0 = Release|Any CPU
	EndGlobalSection
	GlobalSection(SolutionProperties) = preSolution
		HideSolutionNode = FALSE
	EndGlobalSection
	GlobalSection(ExtensibilityGlobals) = postSolution
		SolutionGuid = {04AB7704-FD39-4B25-BAAA-1BA6DFB67FD2}
	EndGlobalSection
EndGlobal
